
Microsoft Visual Studio Solution File, Format Version 12.00
# Visual Studio Version 17
VisualStudioVersion = 17.6.33829.357
MinimumVisualStudioVersion = 10.0.40219.1
Project("{9A19103F-16F7-4668-BE54-9A1E7A4F7556}") = "RedeSocial.Domain", "RedeSocial.Domain\RedeSocial.Domain.csproj", "{ACF193CE-58C8-47D5-A558-DAB1330C0671}"
EndProject
Project("{9A19103F-16F7-4668-BE54-9A1E7A4F7556}") = "RedeSocial.Teste", "RedeSocial.Teste\RedeSocial.Teste.csproj", "{C291FA67-593E-4DA9-941A-4BA58BC5AFBE}"
EndProject
Project("{9A19103F-16F7-4668-BE54-9A1E7A4F7556}") = "RedeSocial.Repository", "RedeSocial.Repository\RedeSocial.Repository.csproj", "{872EF747-B2B9-4C62-BD1A-1923403379F3}"
EndProject
Project("{2150E333-8FDC-42A3-9474-1A3956D46DE8}") = "RedeSocial.DDD", "RedeSocial.DDD", "{6652897E-CC2D-4CD4-A82A-299E45473B8C}"
EndProject
Project("{2150E333-8FDC-42A3-9474-1A3956D46DE8}") = "RedeSocial.Testes", "RedeSocial.Testes", "{D93BC09B-816E-4AF5-9F3F-4CFA189F6FEC}"
EndProject
Project("{9A19103F-16F7-4668-BE54-9A1E7A4F7556}") = "RedeSocial.Service", "RedeSocial.Service\RedeSocial.Service.csproj", "{B007CEA1-FE09-47C5-B43D-2186A3A056AB}"
EndProject
Project("{FAE04EC0-301F-11D3-BF4B-00C04F79EFBC}") = "RedeSocial.App", "RedeSocial.App\RedeSocial.App.csproj", "{19B4BFA0-A1C7-4B1F-A943-DAD958011B77}"
EndProject
Project("{2150E333-8FDC-42A3-9474-1A3956D46DE8}") = "RedeSocial.App", "RedeSocial.App", "{24E23942-53D6-423D-A943-55EB06549101}"
EndProject
Global
	GlobalSection(SolutionConfigurationPlatforms) = preSolution
		Debug|Any CPU = Debug|Any CPU
		Release|Any CPU = Release|Any CPU
	EndGlobalSection
	GlobalSection(ProjectConfigurationPlatforms) = postSolution
		{ACF193CE-58C8-47D5-A558-DAB1330C0671}.Debug|Any CPU.ActiveCfg = Debug|Any CPU
		{ACF193CE-58C8-47D5-A558-DAB1330C0671}.Debug|Any CPU.Build.0 = Debug|Any CPU
		{ACF193CE-58C8-47D5-A558-DAB1330C0671}.Release|Any CPU.ActiveCfg = Release|Any CPU
		{ACF193CE-58C8-47D5-A558-DAB1330C0671}.Release|Any CPU.Build.0 = Release|Any CPU
		{C291FA67-593E-4DA9-941A-4BA58BC5AFBE}.Debug|Any CPU.ActiveCfg = Debug|Any CPU
		{C291FA67-593E-4DA9-941A-4BA58BC5AFBE}.Debug|Any CPU.Build.0 = Debug|Any CPU
		{C291FA67-593E-4DA9-941A-4BA58BC5AFBE}.Release|Any CPU.ActiveCfg = Release|Any CPU
		{C291FA67-593E-4DA9-941A-4BA58BC5AFBE}.Release|Any CPU.Build.0 = Release|Any CPU
		{872EF747-B2B9-4C62-BD1A-1923403379F3}.Debug|Any CPU.ActiveCfg = Debug|Any CPU
		{872EF747-B2B9-4C62-BD1A-1923403379F3}.Debug|Any CPU.Build.0 = Debug|Any CPU
		{872EF747-B2B9-4C62-BD1A-1923403379F3}.Release|Any CPU.ActiveCfg = Release|Any CPU
		{872EF747-B2B9-4C62-BD1A-1923403379F3}.Release|Any CPU.Build.0 = Release|Any CPU
		{B007CEA1-FE09-47C5-B43D-2186A3A056AB}.Debug|Any CPU.ActiveCfg = Debug|Any CPU
		{B007CEA1-FE09-47C5-B43D-2186A3A056AB}.Debug|Any CPU.Build.0 = Debug|Any CPU
		{B007CEA1-FE09-47C5-B43D-2186A3A056AB}.Release|Any CPU.ActiveCfg = Release|Any CPU
		{B007CEA1-FE09-47C5-B43D-2186A3A056AB}.Release|Any CPU.Build.0 = Release|Any CPU
		{19B4BFA0-A1C7-4B1F-A943-DAD958011B77}.Debug|Any CPU.ActiveCfg = Debug|Any CPU
		{19B4BFA0-A1C7-4B1F-A943-DAD958011B77}.Debug|Any CPU.Build.0 = Debug|Any CPU
		{19B4BFA0-A1C7-4B1F-A943-DAD958011B77}.Release|Any CPU.ActiveCfg = Release|Any CPU
		{19B4BFA0-A1C7-4B1F-A943-DAD958011B77}.Release|Any CPU.Build.0 = Release|Any CPU
	EndGlobalSection
	GlobalSection(SolutionProperties) = preSolution
		HideSolutionNode = FALSE
	EndGlobalSection
	GlobalSection(NestedProjects) = preSolution
		{ACF193CE-58C8-47D5-A558-DAB1330C0671} = {6652897E-CC2D-4CD4-A82A-299E45473B8C}
		{C291FA67-593E-4DA9-941A-4BA58BC5AFBE} = {D93BC09B-816E-4AF5-9F3F-4CFA189F6FEC}
		{872EF747-B2B9-4C62-BD1A-1923403379F3} = {6652897E-CC2D-4CD4-A82A-299E45473B8C}
		{B007CEA1-FE09-47C5-B43D-2186A3A056AB} = {6652897E-CC2D-4CD4-A82A-299E45473B8C}
		{19B4BFA0-A1C7-4B1F-A943-DAD958011B77} = {24E23942-53D6-423D-A943-55EB06549101}
	EndGlobalSection
	GlobalSection(ExtensibilityGlobals) = postSolution
		SolutionGuid = {ED932F9A-0982-42F9-A8A5-A57D13691FF4}
	EndGlobalSection
EndGlobal
